
Microsoft Visual Studio Solution File, Format Version 12.00
# Visual Studio Version 17
VisualStudioVersion = 17.2.32505.173
MinimumVisualStudioVersion = 10.0.40219.1
Project("{FAE04EC0-301F-11D3-BF4B-00C04F79EFBC}") = "project ex", "project ex.csproj", "{FA59860A-AD58-4B77-A7AE-D63EBBF08055}"
EndProject
Project("{2150E333-8FDC-42A3-9474-1A3956D46DE8}") = "Solution Items", "Solution Items", "{325A0758-AFF4-4563-91AC-20FC264051E9}"
	ProjectSection(SolutionItems) = preProject
		TextFile1.txt = TextFile1.txt
	EndProjectSection
EndProject
Global
	GlobalSection(SolutionConfigurationPlatforms) = preSolution
		Debug|Any CPU = Debug|Any CPU
		Release|Any CPU = Release|Any CPU
	EndGlobalSection
	GlobalSection(ProjectConfigurationPlatforms) = postSolution
		{FA59860A-AD58-4B77-A7AE-D63EBBF08055}.Debug|Any CPU.ActiveCfg = Debug|Any CPU
		{FA59860A-AD58-4B77-A7AE-D63EBBF08055}.Debug|Any CPU.Build.0 = Debug|Any CPU
		{FA59860A-AD58-4B77-A7AE-D63EBBF08055}.Release|Any CPU.ActiveCfg = Release|Any CPU
		{FA59860A-AD58-4B77-A7AE-D63EBBF08055}.Release|Any CPU.Build.0 = Release|Any CPU
	EndGlobalSection
	GlobalSection(SolutionProperties) = preSolution
		HideSolutionNode = FALSE
	EndGlobalSection
	GlobalSection(ExtensibilityGlobals) = postSolution
		SolutionGuid = {B5C48E7F-2B4C-48D7-AA6A-66D70AA4522F}
	EndGlobalSection
EndGlobal
